{
  "name": "schoolzones-alkmaar",
  "version": "1.0.0",
  "lockfileVersion": 3,
  "requires": true,
  "packages": {
    "": {
      "name": "schoolzones-alkmaar",
      "version": "1.0.0",
      "devDependencies": {
        "@mapbox/vector-tile": "^2.0.4",
        "@turf/buffer": "^7.0.0",
        "@turf/helpers": "^7.0.0",
        "pbf": "^4.0.1"
      }
    },
    "node_modules/@mapbox/point-geometry": {
      "version": "1.1.0",
      "resolved": "https://registry.npmjs.org/@mapbox/point-geometry/-/point-geometry-1.1.0.tgz",
      "integrity": "sha512-YGcBz1cg4ATXDCM/71L9xveh4dynfGmcLDqufR+nQQy3fKwsAZsWd/x4621/6uJaeB9mwOHE6hPeDgXz9uViUQ==",
      "dev": true,
      "license": "ISC"
    },
    "node_modules/@mapbox/vector-tile": {
      "version": "2.0.4",
      "resolved": "https://registry.npmjs.org/@mapbox/vector-tile/-/vector-tile-2.0.4.tgz",
      "integrity": "sha512-AkOLcbgGTdXScosBWwmmD7cDlvOjkg/DetGva26pIRiZPdeJYjYKarIlb4uxVzi6bwHO6EWH82eZ5Nuv4T5DUg==",
      "dev": true,
      "license": "BSD-3-Clause",
      "dependencies": {
        "@mapbox/point-geometry": "~1.1.0",
        "@types/geojson": "^7946.0.16",
        "pbf": "^4.0.1"
      }
    },
    "node_modules/@turf/bbox": {
      "version": "7.3.4",
      "resolved": "https://registry.npmjs.org/@turf/bbox/-/bbox-7.3.4.tgz",
      "integrity": "sha512-D5ErVWtfQbEPh11yzI69uxqrcJmbPU/9Y59f1uTapgwAwQHQztDWgsYpnL3ns8r1GmPWLP8sGJLVTIk2TZSiYA==",
      "dev": true,
      "license": "MIT",
      "dependencies": {
        "@turf/helpers": "7.3.4",
        "@turf/meta": "7.3.4",
        "@types/geojson": "^7946.0.10",
        "tslib": "^2.8.1"
      },
      "funding": {
        "url": "https://opencollective.com/turf"
      }
    },
    "node_modules/@turf/buffer": {
      "version": "7.3.4",
      "resolved": "https://registry.npmjs.org/@turf/buffer/-/buffer-7.3.4.tgz",
      "integrity": "sha512-MVOCBDuOl3KGDsh2stW12RmiFaFeSkVjeUbZ+ADUtIVnv+jlFsmjBpFtsEw8s9YQn5g0667QppOshm0FBHA57Q==",
      "dev": true,
      "license": "MIT",
      "dependencies": {
        "@turf/bbox": "7.3.4",
        "@turf/center": "7.3.4",
        "@turf/helpers": "7.3.4",
        "@turf/jsts": "^2.7.1",
        "@turf/meta": "7.3.4",
        "@turf/projection": "7.3.4",
        "@types/geojson": "^7946.0.10",
        "d3-geo": "1.7.1"
      },
      "funding": {
        "url": "https://opencollective.com/turf"
      }
    },
    "node_modules/@turf/center": {
      "version": "7.3.4",
      "resolved": "https://registry.npmjs.org/@turf/center/-/center-7.3.4.tgz",
      "integrity": "sha512-4SsLMDHWthXbyIHsczgFCo4fx+8tC8w2+B5HdEuY+P+cSOOL4T+6QQzd7WWjuN/Y3ndowFssUmwRrvXuwVRxQA==",
      "dev": true,
      "license": "MIT",
      "dependencies": {
        "@turf/bbox": "7.3.4",
        "@turf/helpers": "7.3.4",
        "@types/geojson": "^7946.0.10",
        "tslib": "^2.8.1"
      },
      "funding": {
        "url": "https://opencollective.com/turf"
      }
    },
    "node_modules/@turf/clone": {
      "version": "7.3.4",
      "resolved": "https://registry.npmjs.org/@turf/clone/-/clone-7.3.4.tgz",
      "integrity": "sha512-pwQ+RyQw986uu7IulY/18NRAebwZZScb084bvVqVkTrllwLSv4oVBqUxmUMiwtp+PNdiRGRFOvNyZqtRsiD+Jw==",
      "dev": true,
      "license": "MIT",
      "dependencies": {
        "@turf/helpers": "7.3.4",
        "@types/geojson": "^7946.0.10",
        "tslib": "^2.8.1"
      },
      "funding": {
        "url": "https://opencollective.com/turf"
      }
    },
    "node_modules/@turf/helpers": {
      "version": "7.3.4",
      "resolved": "https://registry.npmjs.org/@turf/helpers/-/helpers-7.3.4.tgz",
      "integrity": "sha512-U/S5qyqgx3WTvg4twaH0WxF3EixoTCfDsmk98g1E3/5e2YKp7JKYZdz0vivsS5/UZLJeZDEElOSFH4pUgp+l7g==",
      "dev": true,
      "license": "MIT",
      "dependencies": {
        "@types/geojson": "^7946.0.10",
        "tslib": "^2.8.1"
      },
      "funding": {
        "url": "https://opencollective.com/turf"
      }
    },
    "node_modules/@turf/jsts": {
      "version": "2.7.2",
      "resolved": "https://registry.npmjs.org/@turf/jsts/-/jsts-2.7.2.tgz",
      "integrity": "sha512-zAezGlwWHPyU0zxwcX2wQY3RkRpwuoBmhhNE9HY9kWhFDkCxZ3aWK5URKwa/SWKJbj9aztO+8vtdiBA28KVJFg==",
      "dev": true,
      "license": "(EDL-1.0 OR EPL-1.0)",
      "dependencies": {
        "jsts": "2.7.1"
      }
    },
    "node_modules/@turf/meta": {
      "version": "7.3.4",
      "resolved": "https://registry.npmjs.org/@turf/meta/-/meta-7.3.4.tgz",
      "integrity": "sha512-tlmw9/Hs1p2n0uoHVm1w3ugw1I6L8jv9YZrcdQa4SH5FX5UY0ATrKeIvfA55FlL//PGuYppJp+eyg/0eb4goqw==",
      "dev": true,
      "license": "MIT",
      "dependencies": {
        "@turf/helpers": "7.3.4",
        "@types/geojson": "^7946.0.10",
        "tslib": "^2.8.1"
      },
      "funding": {
        "url": "https://opencollective.com/turf"
      }
    },
    "node_modules/@turf/projection": {
      "version": "7.3.4",
      "resolved": "https://registry.npmjs.org/@turf/projection/-/projection-7.3.4.tgz",
      "integrity": "sha512-p91zOaLmzoBHzU/2H6Ot1tOhTmAom85n1P7I4Oo0V9xU8hmJXWfNnomLFf/6rnkKDIFZkncLQIBz4iIecZ61sA==",
      "dev": true,
      "license": "MIT",
      "dependencies": {
        "@turf/clone": "7.3.4",
        "@turf/helpers": "7.3.4",
        "@turf/meta": "7.3.4",
        "@types/geojson": "^7946.0.10",
        "tslib": "^2.8.1"
      },
      "funding": {
        "url": "https://opencollective.com/turf"
      }
    },
    "node_modules/@types/geojson": {
      "version": "7946.0.16",
      "resolved": "https://registry.npmjs.org/@types/geojson/-/geojson-7946.0.16.tgz",
      "integrity": "sha512-6C8nqWur3j98U6+lXDfTUWIfgvZU+EumvpHKcYjujKH7woYyLj2sUmff0tRhrqM7BohUw7Pz3ZB1jj2gW9Fvmg==",
      "dev": true,
      "license": "MIT"
    },
    "node_modules/d3-array": {
      "version": "1.2.4",
      "resolved": "https://registry.npmjs.org/d3-array/-/d3-array-1.2.4.tgz",
      "integrity": "sha512-KHW6M86R+FUPYGb3R5XiYjXPq7VzwxZ22buHhAEVG5ztoEcZZMLov530mmccaqA1GghZArjQV46fuc8kUqhhHw==",
      "dev": true,
      "license": "BSD-3-Clause"
    },
    "node_modules/d3-geo": {
      "version": "1.7.1",
      "resolved": "https://registry.npmjs.org/d3-geo/-/d3-geo-1.7.1.tgz",
      "integrity": "sha512-O4AempWAr+P5qbk2bC2FuN/sDW4z+dN2wDf9QV3bxQt4M5HfOEeXLgJ/UKQW0+o1Dj8BE+L5kiDbdWUMjsmQpw==",
      "dev": true,
      "license": "BSD-3-Clause",
      "dependencies": {
        "d3-array": "1"
      }
    },
    "node_modules/jsts": {
      "version": "2.7.1",
      "resolved": "https://registry.npmjs.org/jsts/-/jsts-2.7.1.tgz",
      "integrity": "sha512-x2wSZHEBK20CY+Wy+BPE7MrFQHW6sIsdaGUMEqmGAio+3gFzQaBYPwLRonUfQf9Ak8pBieqj9tUofX1+WtAEIg==",
      "dev": true,
      "license": "(EDL-1.0 OR EPL-1.0)",
      "engines": {
        "node": ">= 12"
      }
    },
    "node_modules/pbf": {
      "version": "4.0.1",
      "resolved": "https://registry.npmjs.org/pbf/-/pbf-4.0.1.tgz",
      "integrity": "sha512-SuLdBvS42z33m8ejRbInMapQe8n0D3vN/Xd5fmWM3tufNgRQFBpaW2YVJxQZV4iPNqb0vEFvssMEo5w9c6BTIA==",
      "dev": true,
      "license": "BSD-3-Clause",
      "dependencies": {
        "resolve-protobuf-schema": "^2.1.0"
      },
      "bin": {
        "pbf": "bin/pbf"
      }
    },
    "node_modules/protocol-buffers-schema": {
      "version": "3.6.0",
      "resolved": "https://registry.npmjs.org/protocol-buffers-schema/-/protocol-buffers-schema-3.6.0.tgz",
      "integrity": "sha512-TdDRD+/QNdrCGCE7v8340QyuXd4kIWIgapsE2+n/SaGiSSbomYl4TjHlvIoCWRpE7wFt02EpB35VVA2ImcBVqw==",
      "dev": true,
      "license": "MIT"
    },
    "node_modules/resolve-protobuf-schema": {
      "version": "2.1.0",
      "resolved": "https://registry.npmjs.org/resolve-protobuf-schema/-/resolve-protobuf-schema-2.1.0.tgz",
      "integrity": "sha512-kI5ffTiZWmJaS/huM8wZfEMer1eRd7oJQhDuxeCLe3t7N7mX3z94CN0xPxBQxFYQTSNz9T0i+v6inKqSdK8xrQ==",
      "dev": true,
      "license": "MIT",
      "dependencies": {
        "protocol-buffers-schema": "^3.3.1"
      }
    },
    "node_modules/tslib": {
      "version": "2.8.1",
      "resolved": "https://registry.npmjs.org/tslib/-/tslib-2.8.1.tgz",
      "integrity": "sha512-oJFu94HQb+KVduSUQL7wnpmqnfmLsOA/nAh6b6EH0wCEoK0/mPeXU6c3wKDV83MkOuHPRHtSXKKU99IBazS/2w==",
      "dev": true,
      "license": "0BSD"
    }
  }
}
